
Microsoft Visual Studio Solution File, Format Version 12.00
# Visual Studio 15
VisualStudioVersion = 15.0.26124.0
MinimumVisualStudioVersion = 15.0.26124.0
Project("{FAE04EC0-301F-11D3-BF4B-00C04F79EFBC}") = "API", "API\API.csproj", "{AF0D567D-2610-47B7-A0AA-66058A43381A}"
EndProject
Project("{FAE04EC0-301F-11D3-BF4B-00C04F79EFBC}") = "Core", "Core\Core.csproj", "{02DA97C1-1BC6-4FA1-BB7C-A2B50D4A086A}"
EndProject
Project("{FAE04EC0-301F-11D3-BF4B-00C04F79EFBC}") = "Infrastructure", "Infrastructure\Infrastructure.csproj", "{D3668AE6-CE72-4FA5-B3EF-434DD7A0CF39}"
EndProject
Global
	GlobalSection(SolutionConfigurationPlatforms) = preSolution
		Debug|Any CPU = Debug|Any CPU
		Debug|x64 = Debug|x64
		Debug|x86 = Debug|x86
		Release|Any CPU = Release|Any CPU
		Release|x64 = Release|x64
		Release|x86 = Release|x86
	EndGlobalSection
	GlobalSection(SolutionProperties) = preSolution
		HideSolutionNode = FALSE
	EndGlobalSection
	GlobalSection(ProjectConfigurationPlatforms) = postSolution
		{AF0D567D-2610-47B7-A0AA-66058A43381A}.Debug|Any CPU.ActiveCfg = Debug|Any CPU
		{AF0D567D-2610-47B7-A0AA-66058A43381A}.Debug|Any CPU.Build.0 = Debug|Any CPU
		{AF0D567D-2610-47B7-A0AA-66058A43381A}.Debug|x64.ActiveCfg = Debug|Any CPU
		{AF0D567D-2610-47B7-A0AA-66058A43381A}.Debug|x64.Build.0 = Debug|Any CPU
		{AF0D567D-2610-47B7-A0AA-66058A43381A}.Debug|x86.ActiveCfg = Debug|Any CPU
		{AF0D567D-2610-47B7-A0AA-66058A43381A}.Debug|x86.Build.0 = Debug|Any CPU
		{AF0D567D-2610-47B7-A0AA-66058A43381A}.Release|Any CPU.ActiveCfg = Release|Any CPU
		{AF0D567D-2610-47B7-A0AA-66058A43381A}.Release|Any CPU.Build.0 = Release|Any CPU
		{AF0D567D-2610-47B7-A0AA-66058A43381A}.Release|x64.ActiveCfg = Release|Any CPU
		{AF0D567D-2610-47B7-A0AA-66058A43381A}.Release|x64.Build.0 = Release|Any CPU
		{AF0D567D-2610-47B7-A0AA-66058A43381A}.Release|x86.ActiveCfg = Release|Any CPU
		{AF0D567D-2610-47B7-A0AA-66058A43381A}.Release|x86.Build.0 = Release|Any CPU
		{02DA97C1-1BC6-4FA1-BB7C-A2B50D4A086A}.Debug|Any CPU.ActiveCfg = Debug|Any CPU
		{02DA97C1-1BC6-4FA1-BB7C-A2B50D4A086A}.Debug|Any CPU.Build.0 = Debug|Any CPU
		{02DA97C1-1BC6-4FA1-BB7C-A2B50D4A086A}.Debug|x64.ActiveCfg = Debug|Any CPU
		{02DA97C1-1BC6-4FA1-BB7C-A2B50D4A086A}.Debug|x64.Build.0 = Debug|Any CPU
		{02DA97C1-1BC6-4FA1-BB7C-A2B50D4A086A}.Debug|x86.ActiveCfg = Debug|Any CPU
		{02DA97C1-1BC6-4FA1-BB7C-A2B50D4A086A}.Debug|x86.Build.0 = Debug|Any CPU
		{02DA97C1-1BC6-4FA1-BB7C-A2B50D4A086A}.Release|Any CPU.ActiveCfg = Release|Any CPU
		{02DA97C1-1BC6-4FA1-BB7C-A2B50D4A086A}.Release|Any CPU.Build.0 = Release|Any CPU
		{02DA97C1-1BC6-4FA1-BB7C-A2B50D4A086A}.Release|x64.ActiveCfg = Release|Any CPU
		{02DA97C1-1BC6-4FA1-BB7C-A2B50D4A086A}.Release|x64.Build.0 = Release|Any CPU
		{02DA97C1-1BC6-4FA1-BB7C-A2B50D4A086A}.Release|x86.ActiveCfg = Release|Any CPU
		{02DA97C1-1BC6-4FA1-BB7C-A2B50D4A086A}.Release|x86.Build.0 = Release|Any CPU
		{D3668AE6-CE72-4FA5-B3EF-434DD7A0CF39}.Debug|Any CPU.ActiveCfg = Debug|Any CPU
		{D3668AE6-CE72-4FA5-B3EF-434DD7A0CF39}.Debug|Any CPU.Build.0 = Debug|Any CPU
		{D3668AE6-CE72-4FA5-B3EF-434DD7A0CF39}.Debug|x64.ActiveCfg = Debug|Any CPU
		{D3668AE6-CE72-4FA5-B3EF-434DD7A0CF39}.Debug|x64.Build.0 = Debug|Any CPU
		{D3668AE6-CE72-4FA5-B3EF-434DD7A0CF39}.Debug|x86.ActiveCfg = Debug|Any CPU
		{D3668AE6-CE72-4FA5-B3EF-434DD7A0CF39}.Debug|x86.Build.0 = Debug|Any CPU
		{D3668AE6-CE72-4FA5-B3EF-434DD7A0CF39}.Release|Any CPU.ActiveCfg = Release|Any CPU
		{D3668AE6-CE72-4FA5-B3EF-434DD7A0CF39}.Release|Any CPU.Build.0 = Release|Any CPU
		{D3668AE6-CE72-4FA5-B3EF-434DD7A0CF39}.Release|x64.ActiveCfg = Release|Any CPU
		{D3668AE6-CE72-4FA5-B3EF-434DD7A0CF39}.Release|x64.Build.0 = Release|Any CPU
		{D3668AE6-CE72-4FA5-B3EF-434DD7A0CF39}.Release|x86.ActiveCfg = Release|Any CPU
		{D3668AE6-CE72-4FA5-B3EF-434DD7A0CF39}.Release|x86.Build.0 = Release|Any CPU
	EndGlobalSection
EndGlobal
